
Microsoft Visual Studio Solution File, Format Version 12.00
# Visual Studio Version 16
VisualStudioVersion = 16.0.30320.27
MinimumVisualStudioVersion = 10.0.40219.1
Project("{FAE04EC0-301F-11D3-BF4B-00C04F79EFBC}") = "ct20", "ct20\ct20.csproj", "{57DC2F83-2E52-448C-951B-2A3D167424E2}"
EndProject
Global
	GlobalSection(SolutionConfigurationPlatforms) = preSolution
		Debug|Any CPU = Debug|Any CPU
		Release|Any CPU = Release|Any CPU
	EndGlobalSection
	GlobalSection(ProjectConfigurationPlatforms) = postSolution
		{57DC2F83-2E52-448C-951B-2A3D167424E2}.Debug|Any CPU.ActiveCfg = Debug|Any CPU
		{57DC2F83-2E52-448C-951B-2A3D167424E2}.Debug|Any CPU.Build.0 = Debug|Any CPU
		{57DC2F83-2E52-448C-951B-2A3D167424E2}.Release|Any CPU.ActiveCfg = Release|Any CPU
		{57DC2F83-2E52-448C-951B-2A3D167424E2}.Release|Any CPU.Build.0 = Release|Any CPU
	EndGlobalSection
	GlobalSection(SolutionProperties) = preSolution
		HideSolutionNode = FALSE
	EndGlobalSection
	GlobalSection(ExtensibilityGlobals) = postSolution
		SolutionGuid = {70AA2EF0-3D4B-401F-8CC9-528C5CF0941F}
	EndGlobalSection
EndGlobal
